
Microsoft Visual Studio Solution File, Format Version 12.00
# Visual Studio Version 17
VisualStudioVersion = 17.7.33808.371
MinimumVisualStudioVersion = 10.0.40219.1
Project("{FAE04EC0-301F-11D3-BF4B-00C04F79EFBC}") = "Cappuccino.App.UWP", "Cappuccino.App\Cappuccino.App.UWP\Cappuccino.App.UWP.csproj", "{AD5A72E0-3FE2-485D-9AF1-A5CEF2E90E5E}"
EndProject
Project("{FAE04EC0-301F-11D3-BF4B-00C04F79EFBC}") = "Cappuccino.App.Android", "Cappuccino.App\Cappuccino.App.Android\Cappuccino.App.Android.csproj", "{E0E7F9BC-B53B-43CD-B531-22AC5598D89E}"
EndProject
Project("{9A19103F-16F7-4668-BE54-9A1E7A4F7556}") = "Cappuccino.App.iOS", "Cappuccino.App\Cappuccino.App.iOS\Cappuccino.App.iOS.csproj", "{251D31AA-3D5C-4EEE-BFFD-A0C86628C769}"
EndProject
Project("{9A19103F-16F7-4668-BE54-9A1E7A4F7556}") = "Cappuccino.App", "Cappuccino.App\Cappuccino.App\Cappuccino.App.csproj", "{FE6862EC-FD29-4263-99E8-B43D7A2D2E06}"
EndProject
Project("{9A19103F-16F7-4668-BE54-9A1E7A4F7556}") = "Cappuccino.Core.Network", "Cappuccino.App\Cappuccino.Core.Network\Cappuccino.Core.Network.csproj", "{2B181D92-7A53-4FF0-A2FB-E165D1B25D55}"
EndProject
Project("{9A19103F-16F7-4668-BE54-9A1E7A4F7556}") = "Cappuccino.Core.Network.Tests", "Cappuccino.App\Cappuccino.Core.Network.Tests\Cappuccino.Core.Network.Tests.csproj", "{8AC78CC1-3F36-43C1-8D95-08FC5611274D}"
EndProject
Global
	GlobalSection(SolutionConfigurationPlatforms) = preSolution
		Debug|Any CPU = Debug|Any CPU
		Debug|ARM = Debug|ARM
		Debug|iPhone = Debug|iPhone
		Debug|iPhoneSimulator = Debug|iPhoneSimulator
		Debug|x64 = Debug|x64
		Debug|x86 = Debug|x86
		Release|Any CPU = Release|Any CPU
		Release|ARM = Release|ARM
		Release|iPhone = Release|iPhone
		Release|iPhoneSimulator = Release|iPhoneSimulator
		Release|x64 = Release|x64
		Release|x86 = Release|x86
	EndGlobalSection
	GlobalSection(ProjectConfigurationPlatforms) = postSolution
		{AD5A72E0-3FE2-485D-9AF1-A5CEF2E90E5E}.Debug|Any CPU.ActiveCfg = Debug|x64
		{AD5A72E0-3FE2-485D-9AF1-A5CEF2E90E5E}.Debug|Any CPU.Build.0 = Debug|x64
		{AD5A72E0-3FE2-485D-9AF1-A5CEF2E90E5E}.Debug|Any CPU.Deploy.0 = Debug|x64
		{AD5A72E0-3FE2-485D-9AF1-A5CEF2E90E5E}.Debug|ARM.ActiveCfg = Debug|ARM
		{AD5A72E0-3FE2-485D-9AF1-A5CEF2E90E5E}.Debug|ARM.Build.0 = Debug|ARM
		{AD5A72E0-3FE2-485D-9AF1-A5CEF2E90E5E}.Debug|ARM.Deploy.0 = Debug|ARM
		{AD5A72E0-3FE2-485D-9AF1-A5CEF2E90E5E}.Debug|iPhone.ActiveCfg = Debug|x64
		{AD5A72E0-3FE2-485D-9AF1-A5CEF2E90E5E}.Debug|iPhone.Build.0 = Debug|x64
		{AD5A72E0-3FE2-485D-9AF1-A5CEF2E90E5E}.Debug|iPhone.Deploy.0 = Debug|x64
		{AD5A72E0-3FE2-485D-9AF1-A5CEF2E90E5E}.Debug|iPhoneSimulator.ActiveCfg = Debug|x64
		{AD5A72E0-3FE2-485D-9AF1-A5CEF2E90E5E}.Debug|iPhoneSimulator.Build.0 = Debug|x64
		{AD5A72E0-3FE2-485D-9AF1-A5CEF2E90E5E}.Debug|iPhoneSimulator.Deploy.0 = Debug|x64
		{AD5A72E0-3FE2-485D-9AF1-A5CEF2E90E5E}.Debug|x64.ActiveCfg = Debug|x64
		{AD5A72E0-3FE2-485D-9AF1-A5CEF2E90E5E}.Debug|x64.Build.0 = Debug|x64
		{AD5A72E0-3FE2-485D-9AF1-A5CEF2E90E5E}.Debug|x64.Deploy.0 = Debug|x64
		{AD5A72E0-3FE2-485D-9AF1-A5CEF2E90E5E}.Debug|x86.ActiveCfg = Debug|x86
		{AD5A72E0-3FE2-485D-9AF1-A5CEF2E90E5E}.Debug|x86.Build.0 = Debug|x86
		{AD5A72E0-3FE2-485D-9AF1-A5CEF2E90E5E}.Debug|x86.Deploy.0 = Debug|x86
		{AD5A72E0-3FE2-485D-9AF1-A5CEF2E90E5E}.Release|Any CPU.ActiveCfg = Release|x64
		{AD5A72E0-3FE2-485D-9AF1-A5CEF2E90E5E}.Release|Any CPU.Build.0 = Release|x64
		{AD5A72E0-3FE2-485D-9AF1-A5CEF2E90E5E}.Release|Any CPU.Deploy.0 = Release|x64
		{AD5A72E0-3FE2-485D-9AF1-A5CEF2E90E5E}.Release|ARM.ActiveCfg = Release|ARM
		{AD5A72E0-3FE2-485D-9AF1-A5CEF2E90E5E}.Release|ARM.Build.0 = Release|ARM
		{AD5A72E0-3FE2-485D-9AF1-A5CEF2E90E5E}.Release|ARM.Deploy.0 = Release|ARM
		{AD5A72E0-3FE2-485D-9AF1-A5CEF2E90E5E}.Release|iPhone.ActiveCfg = Release|x64
		{AD5A72E0-3FE2-485D-9AF1-A5CEF2E90E5E}.Release|iPhone.Build.0 = Release|x64
		{AD5A72E0-3FE2-485D-9AF1-A5CEF2E90E5E}.Release|iPhone.Deploy.0 = Release|x64
		{AD5A72E0-3FE2-485D-9AF1-A5CEF2E90E5E}.Release|iPhoneSimulator.ActiveCfg = Release|x64
		{AD5A72E0-3FE2-485D-9AF1-A5CEF2E90E5E}.Release|iPhoneSimulator.Build.0 = Release|x64
		{AD5A72E0-3FE2-485D-9AF1-A5CEF2E90E5E}.Release|iPhoneSimulator.Deploy.0 = Release|x64
		{AD5A72E0-3FE2-485D-9AF1-A5CEF2E90E5E}.Release|x64.ActiveCfg = Release|x64
		{AD5A72E0-3FE2-485D-9AF1-A5CEF2E90E5E}.Release|x64.Build.0 = Release|x64
		{AD5A72E0-3FE2-485D-9AF1-A5CEF2E90E5E}.Release|x64.Deploy.0 = Release|x64
		{AD5A72E0-3FE2-485D-9AF1-A5CEF2E90E5E}.Release|x86.ActiveCfg = Release|x86
		{AD5A72E0-3FE2-485D-9AF1-A5CEF2E90E5E}.Release|x86.Build.0 = Release|x86
		{AD5A72E0-3FE2-485D-9AF1-A5CEF2E90E5E}.Release|x86.Deploy.0 = Release|x86
		{E0E7F9BC-B53B-43CD-B531-22AC5598D89E}.Debug|Any CPU.ActiveCfg = Debug|Any CPU
		{E0E7F9BC-B53B-43CD-B531-22AC5598D89E}.Debug|Any CPU.Build.0 = Debug|Any CPU
		{E0E7F9BC-B53B-43CD-B531-22AC5598D89E}.Debug|Any CPU.Deploy.0 = Debug|Any CPU
		{E0E7F9BC-B53B-43CD-B531-22AC5598D89E}.Debug|ARM.ActiveCfg = Debug|Any CPU
		{E0E7F9BC-B53B-43CD-B531-22AC5598D89E}.Debug|ARM.Build.0 = Debug|Any CPU
		{E0E7F9BC-B53B-43CD-B531-22AC5598D89E}.Debug|ARM.Deploy.0 = Debug|Any CPU
		{E0E7F9BC-B53B-43CD-B531-22AC5598D89E}.Debug|iPhone.ActiveCfg = Debug|Any CPU
		{E0E7F9BC-B53B-43CD-B531-22AC5598D89E}.Debug|iPhone.Build.0 = Debug|Any CPU
		{E0E7F9BC-B53B-43CD-B531-22AC5598D89E}.Debug|iPhone.Deploy.0 = Debug|Any CPU
		{E0E7F9BC-B53B-43CD-B531-22AC5598D89E}.Debug|iPhoneSimulator.ActiveCfg = Debug|Any CPU
		{E0E7F9BC-B53B-43CD-B531-22AC5598D89E}.Debug|iPhoneSimulator.Build.0 = Debug|Any CPU
		{E0E7F9BC-B53B-43CD-B531-22AC5598D89E}.Debug|iPhoneSimulator.Deploy.0 = Debug|Any CPU
		{E0E7F9BC-B53B-43CD-B531-22AC5598D89E}.Debug|x64.ActiveCfg = Debug|x64
		{E0E7F9BC-B53B-43CD-B531-22AC5598D89E}.Debug|x64.Build.0 = Debug|x64
		{E0E7F9BC-B53B-43CD-B531-22AC5598D89E}.Debug|x64.Deploy.0 = Debug|x64
		{E0E7F9BC-B53B-43CD-B531-22AC5598D89E}.Debug|x86.ActiveCfg = Debug|Any CPU
		{E0E7F9BC-B53B-43CD-B531-22AC5598D89E}.Debug|x86.Build.0 = Debug|Any CPU
		{E0E7F9BC-B53B-43CD-B531-22AC5598D89E}.Debug|x86.Deploy.0 = Debug|Any CPU
		{E0E7F9BC-B53B-43CD-B531-22AC5598D89E}.Release|Any CPU.ActiveCfg = Release|Any CPU
		{E0E7F9BC-B53B-43CD-B531-22AC5598D89E}.Release|Any CPU.Build.0 = Release|Any CPU
		{E0E7F9BC-B53B-43CD-B531-22AC5598D89E}.Release|Any CPU.Deploy.0 = Release|Any CPU
		{E0E7F9BC-B53B-43CD-B531-22AC5598D89E}.Release|ARM.ActiveCfg = Release|Any CPU
		{E0E7F9BC-B53B-43CD-B531-22AC5598D89E}.Release|ARM.Build.0 = Release|Any CPU
		{E0E7F9BC-B53B-43CD-B531-22AC5598D89E}.Release|ARM.Deploy.0 = Release|Any CPU
		{E0E7F9BC-B53B-43CD-B531-22AC5598D89E}.Release|iPhone.ActiveCfg = Release|Any CPU
		{E0E7F9BC-B53B-43CD-B531-22AC5598D89E}.Release|iPhone.Build.0 = Release|Any CPU
		{E0E7F9BC-B53B-43CD-B531-22AC5598D89E}.Release|iPhone.Deploy.0 = Release|Any CPU
		{E0E7F9BC-B53B-43CD-B531-22AC5598D89E}.Release|iPhoneSimulator.ActiveCfg = Release|Any CPU
		{E0E7F9BC-B53B-43CD-B531-22AC5598D89E}.Release|iPhoneSimulator.Build.0 = Release|Any CPU
		{E0E7F9BC-B53B-43CD-B531-22AC5598D89E}.Release|iPhoneSimulator.Deploy.0 = Release|Any CPU
		{E0E7F9BC-B53B-43CD-B531-22AC5598D89E}.Release|x64.ActiveCfg = Release|Any CPU
		{E0E7F9BC-B53B-43CD-B531-22AC5598D89E}.Release|x64.Build.0 = Release|Any CPU
		{E0E7F9BC-B53B-43CD-B531-22AC5598D89E}.Release|x64.Deploy.0 = Release|Any CPU
		{E0E7F9BC-B53B-43CD-B531-22AC5598D89E}.Release|x86.ActiveCfg = Release|Any CPU
		{E0E7F9BC-B53B-43CD-B531-22AC5598D89E}.Release|x86.Build.0 = Release|Any CPU
		{E0E7F9BC-B53B-43CD-B531-22AC5598D89E}.Release|x86.Deploy.0 = Release|Any CPU
		{251D31AA-3D5C-4EEE-BFFD-A0C86628C769}.Debug|Any CPU.ActiveCfg = Debug|iPhoneSimulator
		{251D31AA-3D5C-4EEE-BFFD-A0C86628C769}.Debug|Any CPU.Build.0 = Debug|iPhoneSimulator
		{251D31AA-3D5C-4EEE-BFFD-A0C86628C769}.Debug|Any CPU.Deploy.0 = Debug|iPhoneSimulator
		{251D31AA-3D5C-4EEE-BFFD-A0C86628C769}.Debug|ARM.ActiveCfg = Debug|x64
		{251D31AA-3D5C-4EEE-BFFD-A0C86628C769}.Debug|ARM.Build.0 = Debug|x64
		{251D31AA-3D5C-4EEE-BFFD-A0C86628C769}.Debug|ARM.Deploy.0 = Debug|x64
		{251D31AA-3D5C-4EEE-BFFD-A0C86628C769}.Debug|iPhone.ActiveCfg = Debug|iPhone
		{251D31AA-3D5C-4EEE-BFFD-A0C86628C769}.Debug|iPhone.Build.0 = Debug|iPhone
		{251D31AA-3D5C-4EEE-BFFD-A0C86628C769}.Debug|iPhone.Deploy.0 = Debug|iPhone
		{251D31AA-3D5C-4EEE-BFFD-A0C86628C769}.Debug|iPhoneSimulator.ActiveCfg = Debug|iPhoneSimulator
		{251D31AA-3D5C-4EEE-BFFD-A0C86628C769}.Debug|iPhoneSimulator.Build.0 = Debug|iPhoneSimulator
		{251D31AA-3D5C-4EEE-BFFD-A0C86628C769}.Debug|iPhoneSimulator.Deploy.0 = Debug|iPhoneSimulator
		{251D31AA-3D5C-4EEE-BFFD-A0C86628C769}.Debug|x64.ActiveCfg = Debug|Any CPU
		{251D31AA-3D5C-4EEE-BFFD-A0C86628C769}.Debug|x64.Build.0 = Debug|Any CPU
		{251D31AA-3D5C-4EEE-BFFD-A0C86628C769}.Debug|x64.Deploy.0 = Debug|Any CPU
		{251D31AA-3D5C-4EEE-BFFD-A0C86628C769}.Debug|x86.ActiveCfg = Debug|iPhoneSimulator
		{251D31AA-3D5C-4EEE-BFFD-A0C86628C769}.Debug|x86.Build.0 = Debug|iPhoneSimulator
		{251D31AA-3D5C-4EEE-BFFD-A0C86628C769}.Debug|x86.Deploy.0 = Debug|iPhoneSimulator
		{251D31AA-3D5C-4EEE-BFFD-A0C86628C769}.Release|Any CPU.ActiveCfg = Release|iPhoneSimulator
		{251D31AA-3D5C-4EEE-BFFD-A0C86628C769}.Release|Any CPU.Build.0 = Release|iPhoneSimulator
		{251D31AA-3D5C-4EEE-BFFD-A0C86628C769}.Release|Any CPU.Deploy.0 = Release|iPhoneSimulator
		{251D31AA-3D5C-4EEE-BFFD-A0C86628C769}.Release|ARM.ActiveCfg = Release|iPhoneSimulator
		{251D31AA-3D5C-4EEE-BFFD-A0C86628C769}.Release|ARM.Build.0 = Release|iPhoneSimulator
		{251D31AA-3D5C-4EEE-BFFD-A0C86628C769}.Release|ARM.Deploy.0 = Release|iPhoneSimulator
		{251D31AA-3D5C-4EEE-BFFD-A0C86628C769}.Release|iPhone.ActiveCfg = Release|iPhone
		{251D31AA-3D5C-4EEE-BFFD-A0C86628C769}.Release|iPhone.Build.0 = Release|iPhone
		{251D31AA-3D5C-4EEE-BFFD-A0C86628C769}.Release|iPhone.Deploy.0 = Release|iPhone
		{251D31AA-3D5C-4EEE-BFFD-A0C86628C769}.Release|iPhoneSimulator.ActiveCfg = Release|iPhoneSimulator
		{251D31AA-3D5C-4EEE-BFFD-A0C86628C769}.Release|iPhoneSimulator.Build.0 = Release|iPhoneSimulator
		{251D31AA-3D5C-4EEE-BFFD-A0C86628C769}.Release|iPhoneSimulator.Deploy.0 = Release|iPhoneSimulator
		{251D31AA-3D5C-4EEE-BFFD-A0C86628C769}.Release|x64.ActiveCfg = Release|iPhoneSimulator
		{251D31AA-3D5C-4EEE-BFFD-A0C86628C769}.Release|x64.Build.0 = Release|iPhoneSimulator
		{251D31AA-3D5C-4EEE-BFFD-A0C86628C769}.Release|x64.Deploy.0 = Release|iPhoneSimulator
		{251D31AA-3D5C-4EEE-BFFD-A0C86628C769}.Release|x86.ActiveCfg = Release|iPhoneSimulator
		{251D31AA-3D5C-4EEE-BFFD-A0C86628C769}.Release|x86.Build.0 = Release|iPhoneSimulator
		{251D31AA-3D5C-4EEE-BFFD-A0C86628C769}.Release|x86.Deploy.0 = Release|iPhoneSimulator
		{FE6862EC-FD29-4263-99E8-B43D7A2D2E06}.Debug|Any CPU.ActiveCfg = Debug|x64
		{FE6862EC-FD29-4263-99E8-B43D7A2D2E06}.Debug|Any CPU.Build.0 = Debug|x64
		{FE6862EC-FD29-4263-99E8-B43D7A2D2E06}.Debug|Any CPU.Deploy.0 = Debug|x64
		{FE6862EC-FD29-4263-99E8-B43D7A2D2E06}.Debug|ARM.ActiveCfg = Debug|Any CPU
		{FE6862EC-FD29-4263-99E8-B43D7A2D2E06}.Debug|ARM.Build.0 = Debug|Any CPU
		{FE6862EC-FD29-4263-99E8-B43D7A2D2E06}.Debug|ARM.Deploy.0 = Debug|Any CPU
		{FE6862EC-FD29-4263-99E8-B43D7A2D2E06}.Debug|iPhone.ActiveCfg = Debug|Any CPU
		{FE6862EC-FD29-4263-99E8-B43D7A2D2E06}.Debug|iPhone.Build.0 = Debug|Any CPU
		{FE6862EC-FD29-4263-99E8-B43D7A2D2E06}.Debug|iPhone.Deploy.0 = Debug|Any CPU
		{FE6862EC-FD29-4263-99E8-B43D7A2D2E06}.Debug|iPhoneSimulator.ActiveCfg = Debug|Any CPU
		{FE6862EC-FD29-4263-99E8-B43D7A2D2E06}.Debug|iPhoneSimulator.Build.0 = Debug|Any CPU
		{FE6862EC-FD29-4263-99E8-B43D7A2D2E06}.Debug|iPhoneSimulator.Deploy.0 = Debug|Any CPU
		{FE6862EC-FD29-4263-99E8-B43D7A2D2E06}.Debug|x64.ActiveCfg = Debug|x64
		{FE6862EC-FD29-4263-99E8-B43D7A2D2E06}.Debug|x64.Build.0 = Debug|x64
		{FE6862EC-FD29-4263-99E8-B43D7A2D2E06}.Debug|x64.Deploy.0 = Debug|x64
		{FE6862EC-FD29-4263-99E8-B43D7A2D2E06}.Debug|x86.ActiveCfg = Debug|Any CPU
		{FE6862EC-FD29-4263-99E8-B43D7A2D2E06}.Debug|x86.Build.0 = Debug|Any CPU
		{FE6862EC-FD29-4263-99E8-B43D7A2D2E06}.Debug|x86.Deploy.0 = Debug|Any CPU
		{FE6862EC-FD29-4263-99E8-B43D7A2D2E06}.Release|Any CPU.ActiveCfg = Release|Any CPU
		{FE6862EC-FD29-4263-99E8-B43D7A2D2E06}.Release|Any CPU.Build.0 = Release|Any CPU
		{FE6862EC-FD29-4263-99E8-B43D7A2D2E06}.Release|Any CPU.Deploy.0 = Release|Any CPU
		{FE6862EC-FD29-4263-99E8-B43D7A2D2E06}.Release|ARM.ActiveCfg = Release|Any CPU
		{FE6862EC-FD29-4263-99E8-B43D7A2D2E06}.Release|ARM.Build.0 = Release|Any CPU
		{FE6862EC-FD29-4263-99E8-B43D7A2D2E06}.Release|ARM.Deploy.0 = Release|Any CPU
		{FE6862EC-FD29-4263-99E8-B43D7A2D2E06}.Release|iPhone.ActiveCfg = Release|Any CPU
		{FE6862EC-FD29-4263-99E8-B43D7A2D2E06}.Release|iPhone.Build.0 = Release|Any CPU
		{FE6862EC-FD29-4263-99E8-B43D7A2D2E06}.Release|iPhone.Deploy.0 = Release|Any CPU
		{FE6862EC-FD29-4263-99E8-B43D7A2D2E06}.Release|iPhoneSimulator.ActiveCfg = Release|Any CPU
		{FE6862EC-FD29-4263-99E8-B43D7A2D2E06}.Release|iPhoneSimulator.Build.0 = Release|Any CPU
		{FE6862EC-FD29-4263-99E8-B43D7A2D2E06}.Release|iPhoneSimulator.Deploy.0 = Release|Any CPU
		{FE6862EC-FD29-4263-99E8-B43D7A2D2E06}.Release|x64.ActiveCfg = Release|Any CPU
		{FE6862EC-FD29-4263-99E8-B43D7A2D2E06}.Release|x64.Build.0 = Release|Any CPU
		{FE6862EC-FD29-4263-99E8-B43D7A2D2E06}.Release|x64.Deploy.0 = Release|Any CPU
		{FE6862EC-FD29-4263-99E8-B43D7A2D2E06}.Release|x86.ActiveCfg = Release|Any CPU
		{FE6862EC-FD29-4263-99E8-B43D7A2D2E06}.Release|x86.Build.0 = Release|Any CPU
		{FE6862EC-FD29-4263-99E8-B43D7A2D2E06}.Release|x86.Deploy.0 = Release|Any CPU
		{2B181D92-7A53-4FF0-A2FB-E165D1B25D55}.Debug|Any CPU.ActiveCfg = Debug|Any CPU
		{2B181D92-7A53-4FF0-A2FB-E165D1B25D55}.Debug|Any CPU.Build.0 = Debug|Any CPU
		{2B181D92-7A53-4FF0-A2FB-E165D1B25D55}.Debug|ARM.ActiveCfg = Debug|Any CPU
		{2B181D92-7A53-4FF0-A2FB-E165D1B25D55}.Debug|ARM.Build.0 = Debug|Any CPU
		{2B181D92-7A53-4FF0-A2FB-E165D1B25D55}.Debug|iPhone.ActiveCfg = Debug|Any CPU
		{2B181D92-7A53-4FF0-A2FB-E165D1B25D55}.Debug|iPhone.Build.0 = Debug|Any CPU
		{2B181D92-7A53-4FF0-A2FB-E165D1B25D55}.Debug|iPhoneSimulator.ActiveCfg = Debug|Any CPU
		{2B181D92-7A53-4FF0-A2FB-E165D1B25D55}.Debug|iPhoneSimulator.Build.0 = Debug|Any CPU
		{2B181D92-7A53-4FF0-A2FB-E165D1B25D55}.Debug|x64.ActiveCfg = Debug|Any CPU
		{2B181D92-7A53-4FF0-A2FB-E165D1B25D55}.Debug|x64.Build.0 = Debug|Any CPU
		{2B181D92-7A53-4FF0-A2FB-E165D1B25D55}.Debug|x86.ActiveCfg = Debug|Any CPU
		{2B181D92-7A53-4FF0-A2FB-E165D1B25D55}.Debug|x86.Build.0 = Debug|Any CPU
		{2B181D92-7A53-4FF0-A2FB-E165D1B25D55}.Release|Any CPU.ActiveCfg = Release|Any CPU
		{2B181D92-7A53-4FF0-A2FB-E165D1B25D55}.Release|Any CPU.Build.0 = Release|Any CPU
		{2B181D92-7A53-4FF0-A2FB-E165D1B25D55}.Release|ARM.ActiveCfg = Release|Any CPU
		{2B181D92-7A53-4FF0-A2FB-E165D1B25D55}.Release|ARM.Build.0 = Release|Any CPU
		{2B181D92-7A53-4FF0-A2FB-E165D1B25D55}.Release|iPhone.ActiveCfg = Release|Any CPU
		{2B181D92-7A53-4FF0-A2FB-E165D1B25D55}.Release|iPhone.Build.0 = Release|Any CPU
		{2B181D92-7A53-4FF0-A2FB-E165D1B25D55}.Release|iPhoneSimulator.ActiveCfg = Release|Any CPU
		{2B181D92-7A53-4FF0-A2FB-E165D1B25D55}.Release|iPhoneSimulator.Build.0 = Release|Any CPU
		{2B181D92-7A53-4FF0-A2FB-E165D1B25D55}.Release|x64.ActiveCfg = Release|Any CPU
		{2B181D92-7A53-4FF0-A2FB-E165D1B25D55}.Release|x64.Build.0 = Release|Any CPU
		{2B181D92-7A53-4FF0-A2FB-E165D1B25D55}.Release|x86.ActiveCfg = Release|Any CPU
		{2B181D92-7A53-4FF0-A2FB-E165D1B25D55}.Release|x86.Build.0 = Release|Any CPU
		{8AC78CC1-3F36-43C1-8D95-08FC5611274D}.Debug|Any CPU.ActiveCfg = Debug|Any CPU
		{8AC78CC1-3F36-43C1-8D95-08FC5611274D}.Debug|Any CPU.Build.0 = Debug|Any CPU
		{8AC78CC1-3F36-43C1-8D95-08FC5611274D}.Debug|ARM.ActiveCfg = Debug|Any CPU
		{8AC78CC1-3F36-43C1-8D95-08FC5611274D}.Debug|ARM.Build.0 = Debug|Any CPU
		{8AC78CC1-3F36-43C1-8D95-08FC5611274D}.Debug|iPhone.ActiveCfg = Debug|Any CPU
		{8AC78CC1-3F36-43C1-8D95-08FC5611274D}.Debug|iPhone.Build.0 = Debug|Any CPU
		{8AC78CC1-3F36-43C1-8D95-08FC5611274D}.Debug|iPhoneSimulator.ActiveCfg = Debug|Any CPU
		{8AC78CC1-3F36-43C1-8D95-08FC5611274D}.Debug|iPhoneSimulator.Build.0 = Debug|Any CPU
		{8AC78CC1-3F36-43C1-8D95-08FC5611274D}.Debug|x64.ActiveCfg = Debug|Any CPU
		{8AC78CC1-3F36-43C1-8D95-08FC5611274D}.Debug|x64.Build.0 = Debug|Any CPU
		{8AC78CC1-3F36-43C1-8D95-08FC5611274D}.Debug|x86.ActiveCfg = Debug|Any CPU
		{8AC78CC1-3F36-43C1-8D95-08FC5611274D}.Debug|x86.Build.0 = Debug|Any CPU
		{8AC78CC1-3F36-43C1-8D95-08FC5611274D}.Release|Any CPU.ActiveCfg = Release|Any CPU
		{8AC78CC1-3F36-43C1-8D95-08FC5611274D}.Release|Any CPU.Build.0 = Release|Any CPU
		{8AC78CC1-3F36-43C1-8D95-08FC5611274D}.Release|ARM.ActiveCfg = Release|Any CPU
		{8AC78CC1-3F36-43C1-8D95-08FC5611274D}.Release|ARM.Build.0 = Release|Any CPU
		{8AC78CC1-3F36-43C1-8D95-08FC5611274D}.Release|iPhone.ActiveCfg = Release|Any CPU
		{8AC78CC1-3F36-43C1-8D95-08FC5611274D}.Release|iPhone.Build.0 = Release|Any CPU
		{8AC78CC1-3F36-43C1-8D95-08FC5611274D}.Release|iPhoneSimulator.ActiveCfg = Release|Any CPU
		{8AC78CC1-3F36-43C1-8D95-08FC5611274D}.Release|iPhoneSimulator.Build.0 = Release|Any CPU
		{8AC78CC1-3F36-43C1-8D95-08FC5611274D}.Release|x64.ActiveCfg = Release|Any CPU
		{8AC78CC1-3F36-43C1-8D95-08FC5611274D}.Release|x64.Build.0 = Release|Any CPU
		{8AC78CC1-3F36-43C1-8D95-08FC5611274D}.Release|x86.ActiveCfg = Release|Any CPU
		{8AC78CC1-3F36-43C1-8D95-08FC5611274D}.Release|x86.Build.0 = Release|Any CPU
	EndGlobalSection
	GlobalSection(SolutionProperties) = preSolution
		HideSolutionNode = FALSE
	EndGlobalSection
	GlobalSection(ExtensibilityGlobals) = postSolution
		SolutionGuid = {9F5C3B83-F17E-41E7-9C13-383D1C424C11}
	EndGlobalSection
EndGlobal
