
Microsoft Visual Studio Solution File, Format Version 12.00
# Visual Studio Version 17
VisualStudioVersion = 17.10.34707.107
MinimumVisualStudioVersion = 10.0.40219.1
Project("{FAE04EC0-301F-11D3-BF4B-00C04F79EFBC}") = "Cappuccino.App.UWP", "Cappuccino.App\Cappuccino.App.UWP\Cappuccino.App.UWP.csproj", "{C573AA6A-4ECB-423B-94FA-1D16EDBE4AC7}"
EndProject
Project("{FAE04EC0-301F-11D3-BF4B-00C04F79EFBC}") = "Cappuccino.App.Android", "Cappuccino.App\Cappuccino.App.Android\Cappuccino.App.Android.csproj", "{22D550D0-F519-47B3-A400-B0F0A680187D}"
EndProject
Project("{FAE04EC0-301F-11D3-BF4B-00C04F79EFBC}") = "Cappuccino.App.iOS", "Cappuccino.App\Cappuccino.App.iOS\Cappuccino.App.iOS.csproj", "{E0DCEE94-D534-4FA5-A37B-73F5500E0638}"
EndProject
Project("{9A19103F-16F7-4668-BE54-9A1E7A4F7556}") = "Cappuccino.App", "Cappuccino.App\Cappuccino.App\Cappuccino.App.csproj", "{41203D9A-AC62-40AA-A6AE-7A448B2F0091}"
EndProject
Project("{9A19103F-16F7-4668-BE54-9A1E7A4F7556}") = "Cappuccino.Core.Network", "Cappuccino.App\Cappuccino.Core.Network\Cappuccino.Core.Network.csproj", "{84FFDF6E-BD95-4689-BB9F-347DDFD5D9E7}"
EndProject
Global
	GlobalSection(SolutionConfigurationPlatforms) = preSolution
		Debug|Any CPU = Debug|Any CPU
		Debug|ARM = Debug|ARM
		Debug|iPhone = Debug|iPhone
		Debug|iPhoneSimulator = Debug|iPhoneSimulator
		Debug|x64 = Debug|x64
		Debug|x86 = Debug|x86
		Release|Any CPU = Release|Any CPU
		Release|ARM = Release|ARM
		Release|iPhone = Release|iPhone
		Release|iPhoneSimulator = Release|iPhoneSimulator
		Release|x64 = Release|x64
		Release|x86 = Release|x86
	EndGlobalSection
	GlobalSection(ProjectConfigurationPlatforms) = postSolution
		{C573AA6A-4ECB-423B-94FA-1D16EDBE4AC7}.Debug|Any CPU.ActiveCfg = Debug|x64
		{C573AA6A-4ECB-423B-94FA-1D16EDBE4AC7}.Debug|Any CPU.Build.0 = Debug|x64
		{C573AA6A-4ECB-423B-94FA-1D16EDBE4AC7}.Debug|Any CPU.Deploy.0 = Debug|x64
		{C573AA6A-4ECB-423B-94FA-1D16EDBE4AC7}.Debug|ARM.ActiveCfg = Debug|ARM
		{C573AA6A-4ECB-423B-94FA-1D16EDBE4AC7}.Debug|ARM.Build.0 = Debug|ARM
		{C573AA6A-4ECB-423B-94FA-1D16EDBE4AC7}.Debug|ARM.Deploy.0 = Debug|ARM
		{C573AA6A-4ECB-423B-94FA-1D16EDBE4AC7}.Debug|iPhone.ActiveCfg = Debug|x64
		{C573AA6A-4ECB-423B-94FA-1D16EDBE4AC7}.Debug|iPhone.Build.0 = Debug|x64
		{C573AA6A-4ECB-423B-94FA-1D16EDBE4AC7}.Debug|iPhone.Deploy.0 = Debug|x64
		{C573AA6A-4ECB-423B-94FA-1D16EDBE4AC7}.Debug|iPhoneSimulator.ActiveCfg = Debug|x64
		{C573AA6A-4ECB-423B-94FA-1D16EDBE4AC7}.Debug|iPhoneSimulator.Build.0 = Debug|x64
		{C573AA6A-4ECB-423B-94FA-1D16EDBE4AC7}.Debug|iPhoneSimulator.Deploy.0 = Debug|x64
		{C573AA6A-4ECB-423B-94FA-1D16EDBE4AC7}.Debug|x64.ActiveCfg = Debug|x64
		{C573AA6A-4ECB-423B-94FA-1D16EDBE4AC7}.Debug|x64.Build.0 = Debug|x64
		{C573AA6A-4ECB-423B-94FA-1D16EDBE4AC7}.Debug|x64.Deploy.0 = Debug|x64
		{C573AA6A-4ECB-423B-94FA-1D16EDBE4AC7}.Debug|x86.ActiveCfg = Debug|x86
		{C573AA6A-4ECB-423B-94FA-1D16EDBE4AC7}.Debug|x86.Build.0 = Debug|x86
		{C573AA6A-4ECB-423B-94FA-1D16EDBE4AC7}.Debug|x86.Deploy.0 = Debug|x86
		{C573AA6A-4ECB-423B-94FA-1D16EDBE4AC7}.Release|Any CPU.ActiveCfg = Release|x64
		{C573AA6A-4ECB-423B-94FA-1D16EDBE4AC7}.Release|Any CPU.Build.0 = Release|x64
		{C573AA6A-4ECB-423B-94FA-1D16EDBE4AC7}.Release|Any CPU.Deploy.0 = Release|x64
		{C573AA6A-4ECB-423B-94FA-1D16EDBE4AC7}.Release|ARM.ActiveCfg = Release|ARM
		{C573AA6A-4ECB-423B-94FA-1D16EDBE4AC7}.Release|ARM.Build.0 = Release|ARM
		{C573AA6A-4ECB-423B-94FA-1D16EDBE4AC7}.Release|ARM.Deploy.0 = Release|ARM
		{C573AA6A-4ECB-423B-94FA-1D16EDBE4AC7}.Release|iPhone.ActiveCfg = Release|x64
		{C573AA6A-4ECB-423B-94FA-1D16EDBE4AC7}.Release|iPhone.Build.0 = Release|x64
		{C573AA6A-4ECB-423B-94FA-1D16EDBE4AC7}.Release|iPhone.Deploy.0 = Release|x64
		{C573AA6A-4ECB-423B-94FA-1D16EDBE4AC7}.Release|iPhoneSimulator.ActiveCfg = Release|x64
		{C573AA6A-4ECB-423B-94FA-1D16EDBE4AC7}.Release|iPhoneSimulator.Build.0 = Release|x64
		{C573AA6A-4ECB-423B-94FA-1D16EDBE4AC7}.Release|iPhoneSimulator.Deploy.0 = Release|x64
		{C573AA6A-4ECB-423B-94FA-1D16EDBE4AC7}.Release|x64.ActiveCfg = Release|x64
		{C573AA6A-4ECB-423B-94FA-1D16EDBE4AC7}.Release|x64.Build.0 = Release|x64
		{C573AA6A-4ECB-423B-94FA-1D16EDBE4AC7}.Release|x64.Deploy.0 = Release|x64
		{C573AA6A-4ECB-423B-94FA-1D16EDBE4AC7}.Release|x86.ActiveCfg = Release|x86
		{C573AA6A-4ECB-423B-94FA-1D16EDBE4AC7}.Release|x86.Build.0 = Release|x86
		{C573AA6A-4ECB-423B-94FA-1D16EDBE4AC7}.Release|x86.Deploy.0 = Release|x86
		{22D550D0-F519-47B3-A400-B0F0A680187D}.Debug|Any CPU.ActiveCfg = Debug|Any CPU
		{22D550D0-F519-47B3-A400-B0F0A680187D}.Debug|Any CPU.Build.0 = Debug|Any CPU
		{22D550D0-F519-47B3-A400-B0F0A680187D}.Debug|Any CPU.Deploy.0 = Debug|Any CPU
		{22D550D0-F519-47B3-A400-B0F0A680187D}.Debug|ARM.ActiveCfg = Debug|Any CPU
		{22D550D0-F519-47B3-A400-B0F0A680187D}.Debug|ARM.Build.0 = Debug|Any CPU
		{22D550D0-F519-47B3-A400-B0F0A680187D}.Debug|ARM.Deploy.0 = Debug|Any CPU
		{22D550D0-F519-47B3-A400-B0F0A680187D}.Debug|iPhone.ActiveCfg = Debug|Any CPU
		{22D550D0-F519-47B3-A400-B0F0A680187D}.Debug|iPhone.Build.0 = Debug|Any CPU
		{22D550D0-F519-47B3-A400-B0F0A680187D}.Debug|iPhone.Deploy.0 = Debug|Any CPU
		{22D550D0-F519-47B3-A400-B0F0A680187D}.Debug|iPhoneSimulator.ActiveCfg = Debug|Any CPU
		{22D550D0-F519-47B3-A400-B0F0A680187D}.Debug|iPhoneSimulator.Build.0 = Debug|Any CPU
		{22D550D0-F519-47B3-A400-B0F0A680187D}.Debug|iPhoneSimulator.Deploy.0 = Debug|Any CPU
		{22D550D0-F519-47B3-A400-B0F0A680187D}.Debug|x64.ActiveCfg = Debug|Any CPU
		{22D550D0-F519-47B3-A400-B0F0A680187D}.Debug|x64.Build.0 = Debug|Any CPU
		{22D550D0-F519-47B3-A400-B0F0A680187D}.Debug|x64.Deploy.0 = Debug|Any CPU
		{22D550D0-F519-47B3-A400-B0F0A680187D}.Debug|x86.ActiveCfg = Debug|Any CPU
		{22D550D0-F519-47B3-A400-B0F0A680187D}.Debug|x86.Build.0 = Debug|Any CPU
		{22D550D0-F519-47B3-A400-B0F0A680187D}.Debug|x86.Deploy.0 = Debug|Any CPU
		{22D550D0-F519-47B3-A400-B0F0A680187D}.Release|Any CPU.ActiveCfg = Release|Any CPU
		{22D550D0-F519-47B3-A400-B0F0A680187D}.Release|Any CPU.Build.0 = Release|Any CPU
		{22D550D0-F519-47B3-A400-B0F0A680187D}.Release|Any CPU.Deploy.0 = Release|Any CPU
		{22D550D0-F519-47B3-A400-B0F0A680187D}.Release|ARM.ActiveCfg = Release|Any CPU
		{22D550D0-F519-47B3-A400-B0F0A680187D}.Release|ARM.Build.0 = Release|Any CPU
		{22D550D0-F519-47B3-A400-B0F0A680187D}.Release|ARM.Deploy.0 = Release|Any CPU
		{22D550D0-F519-47B3-A400-B0F0A680187D}.Release|iPhone.ActiveCfg = Release|Any CPU
		{22D550D0-F519-47B3-A400-B0F0A680187D}.Release|iPhone.Build.0 = Release|Any CPU
		{22D550D0-F519-47B3-A400-B0F0A680187D}.Release|iPhone.Deploy.0 = Release|Any CPU
		{22D550D0-F519-47B3-A400-B0F0A680187D}.Release|iPhoneSimulator.ActiveCfg = Release|Any CPU
		{22D550D0-F519-47B3-A400-B0F0A680187D}.Release|iPhoneSimulator.Build.0 = Release|Any CPU
		{22D550D0-F519-47B3-A400-B0F0A680187D}.Release|iPhoneSimulator.Deploy.0 = Release|Any CPU
		{22D550D0-F519-47B3-A400-B0F0A680187D}.Release|x64.ActiveCfg = Release|Any CPU
		{22D550D0-F519-47B3-A400-B0F0A680187D}.Release|x64.Build.0 = Release|Any CPU
		{22D550D0-F519-47B3-A400-B0F0A680187D}.Release|x64.Deploy.0 = Release|Any CPU
		{22D550D0-F519-47B3-A400-B0F0A680187D}.Release|x86.ActiveCfg = Release|Any CPU
		{22D550D0-F519-47B3-A400-B0F0A680187D}.Release|x86.Build.0 = Release|Any CPU
		{22D550D0-F519-47B3-A400-B0F0A680187D}.Release|x86.Deploy.0 = Release|Any CPU
		{E0DCEE94-D534-4FA5-A37B-73F5500E0638}.Debug|Any CPU.ActiveCfg = Debug|iPhoneSimulator
		{E0DCEE94-D534-4FA5-A37B-73F5500E0638}.Debug|Any CPU.Build.0 = Debug|iPhoneSimulator
		{E0DCEE94-D534-4FA5-A37B-73F5500E0638}.Debug|Any CPU.Deploy.0 = Debug|iPhoneSimulator
		{E0DCEE94-D534-4FA5-A37B-73F5500E0638}.Debug|ARM.ActiveCfg = Debug|iPhoneSimulator
		{E0DCEE94-D534-4FA5-A37B-73F5500E0638}.Debug|ARM.Build.0 = Debug|iPhoneSimulator
		{E0DCEE94-D534-4FA5-A37B-73F5500E0638}.Debug|ARM.Deploy.0 = Debug|iPhoneSimulator
		{E0DCEE94-D534-4FA5-A37B-73F5500E0638}.Debug|iPhone.ActiveCfg = Debug|iPhone
		{E0DCEE94-D534-4FA5-A37B-73F5500E0638}.Debug|iPhone.Build.0 = Debug|iPhone
		{E0DCEE94-D534-4FA5-A37B-73F5500E0638}.Debug|iPhone.Deploy.0 = Debug|iPhone
		{E0DCEE94-D534-4FA5-A37B-73F5500E0638}.Debug|iPhoneSimulator.ActiveCfg = Debug|iPhoneSimulator
		{E0DCEE94-D534-4FA5-A37B-73F5500E0638}.Debug|iPhoneSimulator.Build.0 = Debug|iPhoneSimulator
		{E0DCEE94-D534-4FA5-A37B-73F5500E0638}.Debug|iPhoneSimulator.Deploy.0 = Debug|iPhoneSimulator
		{E0DCEE94-D534-4FA5-A37B-73F5500E0638}.Debug|x64.ActiveCfg = Debug|iPhone
		{E0DCEE94-D534-4FA5-A37B-73F5500E0638}.Debug|x64.Build.0 = Debug|iPhone
		{E0DCEE94-D534-4FA5-A37B-73F5500E0638}.Debug|x64.Deploy.0 = Debug|iPhone
		{E0DCEE94-D534-4FA5-A37B-73F5500E0638}.Debug|x86.ActiveCfg = Debug|iPhoneSimulator
		{E0DCEE94-D534-4FA5-A37B-73F5500E0638}.Debug|x86.Build.0 = Debug|iPhoneSimulator
		{E0DCEE94-D534-4FA5-A37B-73F5500E0638}.Debug|x86.Deploy.0 = Debug|iPhoneSimulator
		{E0DCEE94-D534-4FA5-A37B-73F5500E0638}.Release|Any CPU.ActiveCfg = Release|iPhoneSimulator
		{E0DCEE94-D534-4FA5-A37B-73F5500E0638}.Release|Any CPU.Build.0 = Release|iPhoneSimulator
		{E0DCEE94-D534-4FA5-A37B-73F5500E0638}.Release|Any CPU.Deploy.0 = Release|iPhoneSimulator
		{E0DCEE94-D534-4FA5-A37B-73F5500E0638}.Release|ARM.ActiveCfg = Release|iPhoneSimulator
		{E0DCEE94-D534-4FA5-A37B-73F5500E0638}.Release|ARM.Build.0 = Release|iPhoneSimulator
		{E0DCEE94-D534-4FA5-A37B-73F5500E0638}.Release|ARM.Deploy.0 = Release|iPhoneSimulator
		{E0DCEE94-D534-4FA5-A37B-73F5500E0638}.Release|iPhone.ActiveCfg = Release|iPhone
		{E0DCEE94-D534-4FA5-A37B-73F5500E0638}.Release|iPhone.Build.0 = Release|iPhone
		{E0DCEE94-D534-4FA5-A37B-73F5500E0638}.Release|iPhone.Deploy.0 = Release|iPhone
		{E0DCEE94-D534-4FA5-A37B-73F5500E0638}.Release|iPhoneSimulator.ActiveCfg = Release|iPhoneSimulator
		{E0DCEE94-D534-4FA5-A37B-73F5500E0638}.Release|iPhoneSimulator.Build.0 = Release|iPhoneSimulator
		{E0DCEE94-D534-4FA5-A37B-73F5500E0638}.Release|iPhoneSimulator.Deploy.0 = Release|iPhoneSimulator
		{E0DCEE94-D534-4FA5-A37B-73F5500E0638}.Release|x64.ActiveCfg = Release|iPhoneSimulator
		{E0DCEE94-D534-4FA5-A37B-73F5500E0638}.Release|x64.Build.0 = Release|iPhoneSimulator
		{E0DCEE94-D534-4FA5-A37B-73F5500E0638}.Release|x64.Deploy.0 = Release|iPhoneSimulator
		{E0DCEE94-D534-4FA5-A37B-73F5500E0638}.Release|x86.ActiveCfg = Release|iPhoneSimulator
		{E0DCEE94-D534-4FA5-A37B-73F5500E0638}.Release|x86.Build.0 = Release|iPhoneSimulator
		{E0DCEE94-D534-4FA5-A37B-73F5500E0638}.Release|x86.Deploy.0 = Release|iPhoneSimulator
		{41203D9A-AC62-40AA-A6AE-7A448B2F0091}.Debug|Any CPU.ActiveCfg = Debug|Any CPU
		{41203D9A-AC62-40AA-A6AE-7A448B2F0091}.Debug|Any CPU.Build.0 = Debug|Any CPU
		{41203D9A-AC62-40AA-A6AE-7A448B2F0091}.Debug|Any CPU.Deploy.0 = Debug|Any CPU
		{41203D9A-AC62-40AA-A6AE-7A448B2F0091}.Debug|ARM.ActiveCfg = Debug|Any CPU
		{41203D9A-AC62-40AA-A6AE-7A448B2F0091}.Debug|ARM.Build.0 = Debug|Any CPU
		{41203D9A-AC62-40AA-A6AE-7A448B2F0091}.Debug|ARM.Deploy.0 = Debug|Any CPU
		{41203D9A-AC62-40AA-A6AE-7A448B2F0091}.Debug|iPhone.ActiveCfg = Debug|Any CPU
		{41203D9A-AC62-40AA-A6AE-7A448B2F0091}.Debug|iPhone.Build.0 = Debug|Any CPU
		{41203D9A-AC62-40AA-A6AE-7A448B2F0091}.Debug|iPhone.Deploy.0 = Debug|Any CPU
		{41203D9A-AC62-40AA-A6AE-7A448B2F0091}.Debug|iPhoneSimulator.ActiveCfg = Debug|Any CPU
		{41203D9A-AC62-40AA-A6AE-7A448B2F0091}.Debug|iPhoneSimulator.Build.0 = Debug|Any CPU
		{41203D9A-AC62-40AA-A6AE-7A448B2F0091}.Debug|iPhoneSimulator.Deploy.0 = Debug|Any CPU
		{41203D9A-AC62-40AA-A6AE-7A448B2F0091}.Debug|x64.ActiveCfg = Debug|Any CPU
		{41203D9A-AC62-40AA-A6AE-7A448B2F0091}.Debug|x64.Build.0 = Debug|Any CPU
		{41203D9A-AC62-40AA-A6AE-7A448B2F0091}.Debug|x64.Deploy.0 = Debug|Any CPU
		{41203D9A-AC62-40AA-A6AE-7A448B2F0091}.Debug|x86.ActiveCfg = Debug|Any CPU
		{41203D9A-AC62-40AA-A6AE-7A448B2F0091}.Debug|x86.Build.0 = Debug|Any CPU
		{41203D9A-AC62-40AA-A6AE-7A448B2F0091}.Debug|x86.Deploy.0 = Debug|Any CPU
		{41203D9A-AC62-40AA-A6AE-7A448B2F0091}.Release|Any CPU.ActiveCfg = Release|Any CPU
		{41203D9A-AC62-40AA-A6AE-7A448B2F0091}.Release|Any CPU.Build.0 = Release|Any CPU
		{41203D9A-AC62-40AA-A6AE-7A448B2F0091}.Release|Any CPU.Deploy.0 = Release|Any CPU
		{41203D9A-AC62-40AA-A6AE-7A448B2F0091}.Release|ARM.ActiveCfg = Release|Any CPU
		{41203D9A-AC62-40AA-A6AE-7A448B2F0091}.Release|ARM.Build.0 = Release|Any CPU
		{41203D9A-AC62-40AA-A6AE-7A448B2F0091}.Release|ARM.Deploy.0 = Release|Any CPU
		{41203D9A-AC62-40AA-A6AE-7A448B2F0091}.Release|iPhone.ActiveCfg = Release|Any CPU
		{41203D9A-AC62-40AA-A6AE-7A448B2F0091}.Release|iPhone.Build.0 = Release|Any CPU
		{41203D9A-AC62-40AA-A6AE-7A448B2F0091}.Release|iPhone.Deploy.0 = Release|Any CPU
		{41203D9A-AC62-40AA-A6AE-7A448B2F0091}.Release|iPhoneSimulator.ActiveCfg = Release|Any CPU
		{41203D9A-AC62-40AA-A6AE-7A448B2F0091}.Release|iPhoneSimulator.Build.0 = Release|Any CPU
		{41203D9A-AC62-40AA-A6AE-7A448B2F0091}.Release|iPhoneSimulator.Deploy.0 = Release|Any CPU
		{41203D9A-AC62-40AA-A6AE-7A448B2F0091}.Release|x64.ActiveCfg = Release|Any CPU
		{41203D9A-AC62-40AA-A6AE-7A448B2F0091}.Release|x64.Build.0 = Release|Any CPU
		{41203D9A-AC62-40AA-A6AE-7A448B2F0091}.Release|x64.Deploy.0 = Release|Any CPU
		{41203D9A-AC62-40AA-A6AE-7A448B2F0091}.Release|x86.ActiveCfg = Release|Any CPU
		{41203D9A-AC62-40AA-A6AE-7A448B2F0091}.Release|x86.Build.0 = Release|Any CPU
		{41203D9A-AC62-40AA-A6AE-7A448B2F0091}.Release|x86.Deploy.0 = Release|Any CPU
		{84FFDF6E-BD95-4689-BB9F-347DDFD5D9E7}.Debug|Any CPU.ActiveCfg = Debug|Any CPU
		{84FFDF6E-BD95-4689-BB9F-347DDFD5D9E7}.Debug|Any CPU.Build.0 = Debug|Any CPU
		{84FFDF6E-BD95-4689-BB9F-347DDFD5D9E7}.Debug|ARM.ActiveCfg = Debug|Any CPU
		{84FFDF6E-BD95-4689-BB9F-347DDFD5D9E7}.Debug|ARM.Build.0 = Debug|Any CPU
		{84FFDF6E-BD95-4689-BB9F-347DDFD5D9E7}.Debug|iPhone.ActiveCfg = Debug|Any CPU
		{84FFDF6E-BD95-4689-BB9F-347DDFD5D9E7}.Debug|iPhone.Build.0 = Debug|Any CPU
		{84FFDF6E-BD95-4689-BB9F-347DDFD5D9E7}.Debug|iPhoneSimulator.ActiveCfg = Debug|Any CPU
		{84FFDF6E-BD95-4689-BB9F-347DDFD5D9E7}.Debug|iPhoneSimulator.Build.0 = Debug|Any CPU
		{84FFDF6E-BD95-4689-BB9F-347DDFD5D9E7}.Debug|x64.ActiveCfg = Debug|Any CPU
		{84FFDF6E-BD95-4689-BB9F-347DDFD5D9E7}.Debug|x64.Build.0 = Debug|Any CPU
		{84FFDF6E-BD95-4689-BB9F-347DDFD5D9E7}.Debug|x86.ActiveCfg = Debug|Any CPU
		{84FFDF6E-BD95-4689-BB9F-347DDFD5D9E7}.Debug|x86.Build.0 = Debug|Any CPU
		{84FFDF6E-BD95-4689-BB9F-347DDFD5D9E7}.Release|Any CPU.ActiveCfg = Release|Any CPU
		{84FFDF6E-BD95-4689-BB9F-347DDFD5D9E7}.Release|Any CPU.Build.0 = Release|Any CPU
		{84FFDF6E-BD95-4689-BB9F-347DDFD5D9E7}.Release|ARM.ActiveCfg = Release|Any CPU
		{84FFDF6E-BD95-4689-BB9F-347DDFD5D9E7}.Release|ARM.Build.0 = Release|Any CPU
		{84FFDF6E-BD95-4689-BB9F-347DDFD5D9E7}.Release|iPhone.ActiveCfg = Release|Any CPU
		{84FFDF6E-BD95-4689-BB9F-347DDFD5D9E7}.Release|iPhone.Build.0 = Release|Any CPU
		{84FFDF6E-BD95-4689-BB9F-347DDFD5D9E7}.Release|iPhoneSimulator.ActiveCfg = Release|Any CPU
		{84FFDF6E-BD95-4689-BB9F-347DDFD5D9E7}.Release|iPhoneSimulator.Build.0 = Release|Any CPU
		{84FFDF6E-BD95-4689-BB9F-347DDFD5D9E7}.Release|x64.ActiveCfg = Release|Any CPU
		{84FFDF6E-BD95-4689-BB9F-347DDFD5D9E7}.Release|x64.Build.0 = Release|Any CPU
		{84FFDF6E-BD95-4689-BB9F-347DDFD5D9E7}.Release|x86.ActiveCfg = Release|Any CPU
		{84FFDF6E-BD95-4689-BB9F-347DDFD5D9E7}.Release|x86.Build.0 = Release|Any CPU
	EndGlobalSection
	GlobalSection(SolutionProperties) = preSolution
		HideSolutionNode = FALSE
	EndGlobalSection
	GlobalSection(ExtensibilityGlobals) = postSolution
		SolutionGuid = {8D145B5A-1907-4BC5-8349-844CDE41911C}
	EndGlobalSection
EndGlobal
